
Microsoft Visual Studio Solution File, Format Version 12.00
# Visual Studio Version 17
VisualStudioVersion = 17.2.32630.192
MinimumVisualStudioVersion = 10.0.40219.1
Project("{FAE04EC0-301F-11D3-BF4B-00C04F79EFBC}") = "Laba 1", "Laba 1\Laba 1.csproj", "{4555D498-4313-49F2-B093-7596DCD35B38}"
EndProject
Global
	GlobalSection(SolutionConfigurationPlatforms) = preSolution
		Debug|Any CPU = Debug|Any CPU
		Release|Any CPU = Release|Any CPU
	EndGlobalSection
	GlobalSection(ProjectConfigurationPlatforms) = postSolution
		{4555D498-4313-49F2-B093-7596DCD35B38}.Debug|Any CPU.ActiveCfg = Debug|Any CPU
		{4555D498-4313-49F2-B093-7596DCD35B38}.Debug|Any CPU.Build.0 = Debug|Any CPU
		{4555D498-4313-49F2-B093-7596DCD35B38}.Release|Any CPU.ActiveCfg = Release|Any CPU
		{4555D498-4313-49F2-B093-7596DCD35B38}.Release|Any CPU.Build.0 = Release|Any CPU
	EndGlobalSection
	GlobalSection(SolutionProperties) = preSolution
		HideSolutionNode = FALSE
	EndGlobalSection
	GlobalSection(ExtensibilityGlobals) = postSolution
		SolutionGuid = {A94F4B7A-D8F8-4C3F-A7A5-59AE13F4E092}
	EndGlobalSection
EndGlobal
